
Microsoft Visual Studio Solution File, Format Version 12.00
# Visual Studio Version 17
VisualStudioVersion = 17.5.33209.295
MinimumVisualStudioVersion = 10.0.40219.1
Project("{FAE04EC0-301F-11D3-BF4B-00C04F79EFBC}") = "RestaurantAPI", "RestaurantAPI\RestaurantAPI.csproj", "{CA25383D-176D-4211-9E57-67B82549DB89}"
EndProject
Global
	GlobalSection(SolutionConfigurationPlatforms) = preSolution
		Debug|Any CPU = Debug|Any CPU
		Release|Any CPU = Release|Any CPU
	EndGlobalSection
	GlobalSection(ProjectConfigurationPlatforms) = postSolution
		{CA25383D-176D-4211-9E57-67B82549DB89}.Debug|Any CPU.ActiveCfg = Debug|Any CPU
		{CA25383D-176D-4211-9E57-67B82549DB89}.Debug|Any CPU.Build.0 = Debug|Any CPU
		{CA25383D-176D-4211-9E57-67B82549DB89}.Release|Any CPU.ActiveCfg = Release|Any CPU
		{CA25383D-176D-4211-9E57-67B82549DB89}.Release|Any CPU.Build.0 = Release|Any CPU
	EndGlobalSection
	GlobalSection(SolutionProperties) = preSolution
		HideSolutionNode = FALSE
	EndGlobalSection
	GlobalSection(ExtensibilityGlobals) = postSolution
		SolutionGuid = {82A053F3-1365-4CB4-8590-5DB2C19A2F11}
	EndGlobalSection
EndGlobal
